// !$*UTF8*$!
{
	archiveVersion = 1;
	classes = {
	};
	objectVersion = 46;
	objects = {

/* Begin PBXBuildFile section */
		29B67D8F083F0803CAC0D48D /* libPods.a in Frameworks */ = {isa = PBXBuildFile; fileRef = B54E67C32BE8A23181F36C35 /* libPods.a */; };
		376DBB031B96A4A6008A84B7 /* UIScrollView+Extension.m in Sources */ = {isa = PBXBuildFile; fileRef = 376DBB011B96A4A6008A84B7 /* UIScrollView+Extension.m */; };
		376DBB071B96A658008A84B7 /* UIWebView+Extension.m in Sources */ = {isa = PBXBuildFile; fileRef = 376DBB061B96A658008A84B7 /* UIWebView+Extension.m */; };
		376DBB0B1B96DD23008A84B7 /* MBProgressHUD+Extension.m in Sources */ = {isa = PBXBuildFile; fileRef = 376DBB0A1B96DD23008A84B7 /* MBProgressHUD+Extension.m */; };
		377C111E1B95958700FD4EB6 /* UIScreen+Extension.m in Sources */ = {isa = PBXBuildFile; fileRef = 377C111D1B95958700FD4EB6 /* UIScreen+Extension.m */; };
		377C11221B9596B100FD4EB6 /* NSBundle+Extension.m in Sources */ = {isa = PBXBuildFile; fileRef = 377C11211B9596B100FD4EB6 /* NSBundle+Extension.m */; };
		377C112A1B959A4000FD4EB6 /* UIApplication+Extension.m in Sources */ = {isa = PBXBuildFile; fileRef = 377C11291B959A4000FD4EB6 /* UIApplication+Extension.m */; };
		377C11321B959CCC00FD4EB6 /* UIDevice+Extension.m in Sources */ = {isa = PBXBuildFile; fileRef = 377C11311B959CCC00FD4EB6 /* UIDevice+Extension.m */; };
		3792D1311BA95C3900E8731C /* UIImageView+Extension.m in Sources */ = {isa = PBXBuildFile; fileRef = 3792D1301BA95C3900E8731C /* UIImageView+Extension.m */; };
		37AB4AFC1B9E80DF00E9E587 /* UIWindow+Extension.m in Sources */ = {isa = PBXBuildFile; fileRef = 37AB4AFB1B9E80DF00E9E587 /* UIWindow+Extension.m */; };
		37AD9BD31B943E1400F1D180 /* main.m in Sources */ = {isa = PBXBuildFile; fileRef = 37AD9BD21B943E1400F1D180 /* main.m */; };
		37AD9BD61B943E1400F1D180 /* AppDelegate.m in Sources */ = {isa = PBXBuildFile; fileRef = 37AD9BD51B943E1400F1D180 /* AppDelegate.m */; };
		37AD9BD91B943E1400F1D180 /* ViewController.m in Sources */ = {isa = PBXBuildFile; fileRef = 37AD9BD81B943E1400F1D180 /* ViewController.m */; };
		37AD9BDC1B943E1400F1D180 /* Main.storyboard in Resources */ = {isa = PBXBuildFile; fileRef = 37AD9BDA1B943E1400F1D180 /* Main.storyboard */; };
		37AD9BDE1B943E1400F1D180 /* Images.xcassets in Resources */ = {isa = PBXBuildFile; fileRef = 37AD9BDD1B943E1400F1D180 /* Images.xcassets */; };
		37AD9BE11B943E1400F1D180 /* LaunchScreen.xib in Resources */ = {isa = PBXBuildFile; fileRef = 37AD9BDF1B943E1400F1D180 /* LaunchScreen.xib */; };
		37AD9BED1B943E1400F1D180 /* UniversalTests.m in Sources */ = {isa = PBXBuildFile; fileRef = 37AD9BEC1B943E1400F1D180 /* UniversalTests.m */; };
		37D8C1231B959EAF0073F1CC /* NSString+Extension.m in Sources */ = {isa = PBXBuildFile; fileRef = 37D8C1221B959EAF0073F1CC /* NSString+Extension.m */; };
		37D8C1271B95A00A0073F1CC /* UIAlertView+Extension.m in Sources */ = {isa = PBXBuildFile; fileRef = 37D8C1261B95A00A0073F1CC /* UIAlertView+Extension.m */; };
		37D8C12B1B95A11E0073F1CC /* NSUserDefaults+Extension.m in Sources */ = {isa = PBXBuildFile; fileRef = 37D8C12A1B95A11E0073F1CC /* NSUserDefaults+Extension.m */; };
		37D8C12F1B95B14C0073F1CC /* UIColor+Extension.m in Sources */ = {isa = PBXBuildFile; fileRef = 37D8C12E1B95B14C0073F1CC /* UIColor+Extension.m */; };
		37D8C1331B95B3980073F1CC /* NSArray+Extension.m in Sources */ = {isa = PBXBuildFile; fileRef = 37D8C1321B95B3980073F1CC /* NSArray+Extension.m */; };
		37D8C1371B95B4140073F1CC /* NSDictionary+Extension.m in Sources */ = {isa = PBXBuildFile; fileRef = 37D8C1361B95B4140073F1CC /* NSDictionary+Extension.m */; };
		37D8C13B1B95C0E90073F1CC /* UIImage+Extension.m in Sources */ = {isa = PBXBuildFile; fileRef = 37D8C13A1B95C0E90073F1CC /* UIImage+Extension.m */; };
		37D8C13F1B95C34E0073F1CC /* NSHTTPCookieStorage+Extension.m in Sources */ = {isa = PBXBuildFile; fileRef = 37D8C13E1B95C34E0073F1CC /* NSHTTPCookieStorage+Extension.m */; };
		37D8C1431B95C3EA0073F1CC /* NSURLCache+Extension.m in Sources */ = {isa = PBXBuildFile; fileRef = 37D8C1421B95C3EA0073F1CC /* NSURLCache+Extension.m */; };
		CD05BB451B96066B00D9B6C9 /* AVCaptureDevice+Extension.m in Sources */ = {isa = PBXBuildFile; fileRef = CD05BB441B96066B00D9B6C9 /* AVCaptureDevice+Extension.m */; };
		CD05BB491B96086500D9B6C9 /* NSData+Extension.m in Sources */ = {isa = PBXBuildFile; fileRef = CD05BB481B96086500D9B6C9 /* NSData+Extension.m */; };
		CD05BB4E1B960C7400D9B6C9 /* GZIP.m in Sources */ = {isa = PBXBuildFile; fileRef = CD05BB4D1B960C7400D9B6C9 /* GZIP.m */; };
		CD05BB611B960FF700D9B6C9 /* UIView+Extension.m in Sources */ = {isa = PBXBuildFile; fileRef = CD05BB601B960FF700D9B6C9 /* UIView+Extension.m */; };
		CD05BB641B96113D00D9B6C9 /* GPXFileBundle.bundle in Resources */ = {isa = PBXBuildFile; fileRef = CD05BB631B96113D00D9B6C9 /* GPXFileBundle.bundle */; };
		CD19B46C1BC7B25900B063DC /* AFHTTPResponseSerializer+Extension.m in Sources */ = {isa = PBXBuildFile; fileRef = CD19B46B1BC7B25900B063DC /* AFHTTPResponseSerializer+Extension.m */; };
		CDC9FCA81BC3FD6E00B78E18 /* text.png in Resources */ = {isa = PBXBuildFile; fileRef = CDC9FCA71BC3FD6E00B78E18 /* text.png */; };
/* End PBXBuildFile section */

/* Begin PBXContainerItemProxy section */
		37AD9BE71B943E1400F1D180 /* PBXContainerItemProxy */ = {
			isa = PBXContainerItemProxy;
			containerPortal = 37AD9BC51B943E1400F1D180 /* Project object */;
			proxyType = 1;
			remoteGlobalIDString = 37AD9BCC1B943E1400F1D180;
			remoteInfo = Universal;
		};
/* End PBXContainerItemProxy section */

/* Begin PBXFileReference section */
		376DBB001B96A4A6008A84B7 /* UIScrollView+Extension.h */ = {isa = PBXFileReference; fileEncoding = 4; lastKnownFileType = sourcecode.c.h; path = "UIScrollView+Extension.h"; sourceTree = "<group>"; };
		376DBB011B96A4A6008A84B7 /* UIScrollView+Extension.m */ = {isa = PBXFileReference; fileEncoding = 4; lastKnownFileType = sourcecode.c.objc; path = "UIScrollView+Extension.m"; sourceTree = "<group>"; };
		376DBB051B96A658008A84B7 /* UIWebView+Extension.h */ = {isa = PBXFileReference; fileEncoding = 4; lastKnownFileType = sourcecode.c.h; path = "UIWebView+Extension.h"; sourceTree = "<group>"; };
		376DBB061B96A658008A84B7 /* UIWebView+Extension.m */ = {isa = PBXFileReference; fileEncoding = 4; lastKnownFileType = sourcecode.c.objc; path = "UIWebView+Extension.m"; sourceTree = "<group>"; };
		376DBB091B96DD23008A84B7 /* MBProgressHUD+Extension.h */ = {isa = PBXFileReference; fileEncoding = 4; lastKnownFileType = sourcecode.c.h; path = "MBProgressHUD+Extension.h"; sourceTree = "<group>"; };
		376DBB0A1B96DD23008A84B7 /* MBProgressHUD+Extension.m */ = {isa = PBXFileReference; fileEncoding = 4; lastKnownFileType = sourcecode.c.objc; path = "MBProgressHUD+Extension.m"; sourceTree = "<group>"; };
		377C11131B958FE700FD4EB6 /* PodHeaders.h */ = {isa = PBXFileReference; fileEncoding = 4; lastKnownFileType = sourcecode.c.h; path = PodHeaders.h; sourceTree = "<group>"; };
		377C11161B95945200FD4EB6 /* CategoryHeaders.h */ = {isa = PBXFileReference; fileEncoding = 4; lastKnownFileType = sourcecode.c.h; path = CategoryHeaders.h; sourceTree = "<group>"; };
		377C111C1B95958700FD4EB6 /* UIScreen+Extension.h */ = {isa = PBXFileReference; fileEncoding = 4; lastKnownFileType = sourcecode.c.h; path = "UIScreen+Extension.h"; sourceTree = "<group>"; };
		377C111D1B95958700FD4EB6 /* UIScreen+Extension.m */ = {isa = PBXFileReference; fileEncoding = 4; lastKnownFileType = sourcecode.c.objc; path = "UIScreen+Extension.m"; sourceTree = "<group>"; };
		377C11201B9596B100FD4EB6 /* NSBundle+Extension.h */ = {isa = PBXFileReference; fileEncoding = 4; lastKnownFileType = sourcecode.c.h; path = "NSBundle+Extension.h"; sourceTree = "<group>"; };
		377C11211B9596B100FD4EB6 /* NSBundle+Extension.m */ = {isa = PBXFileReference; fileEncoding = 4; lastKnownFileType = sourcecode.c.objc; path = "NSBundle+Extension.m"; sourceTree = "<group>"; };
		377C11281B959A4000FD4EB6 /* UIApplication+Extension.h */ = {isa = PBXFileReference; fileEncoding = 4; lastKnownFileType = sourcecode.c.h; path = "UIApplication+Extension.h"; sourceTree = "<group>"; };
		377C11291B959A4000FD4EB6 /* UIApplication+Extension.m */ = {isa = PBXFileReference; fileEncoding = 4; lastKnownFileType = sourcecode.c.objc; path = "UIApplication+Extension.m"; sourceTree = "<group>"; };
		377C11301B959CCC00FD4EB6 /* UIDevice+Extension.h */ = {isa = PBXFileReference; fileEncoding = 4; lastKnownFileType = sourcecode.c.h; path = "UIDevice+Extension.h"; sourceTree = "<group>"; };
		377C11311B959CCC00FD4EB6 /* UIDevice+Extension.m */ = {isa = PBXFileReference; fileEncoding = 4; lastKnownFileType = sourcecode.c.objc; path = "UIDevice+Extension.m"; sourceTree = "<group>"; };
		3792D12F1BA95C3900E8731C /* UIImageView+Extension.h */ = {isa = PBXFileReference; fileEncoding = 4; lastKnownFileType = sourcecode.c.h; path = "UIImageView+Extension.h"; sourceTree = "<group>"; };
		3792D1301BA95C3900E8731C /* UIImageView+Extension.m */ = {isa = PBXFileReference; fileEncoding = 4; lastKnownFileType = sourcecode.c.objc; path = "UIImageView+Extension.m"; sourceTree = "<group>"; };
		37AB4AFA1B9E80DF00E9E587 /* UIWindow+Extension.h */ = {isa = PBXFileReference; fileEncoding = 4; lastKnownFileType = sourcecode.c.h; path = "UIWindow+Extension.h"; sourceTree = "<group>"; };
		37AB4AFB1B9E80DF00E9E587 /* UIWindow+Extension.m */ = {isa = PBXFileReference; fileEncoding = 4; lastKnownFileType = sourcecode.c.objc; path = "UIWindow+Extension.m"; sourceTree = "<group>"; };
		37AD9BCD1B943E1400F1D180 /* Universal.app */ = {isa = PBXFileReference; explicitFileType = wrapper.application; includeInIndex = 0; path = Universal.app; sourceTree = BUILT_PRODUCTS_DIR; };
		37AD9BD11B943E1400F1D180 /* Info.plist */ = {isa = PBXFileReference; lastKnownFileType = text.plist.xml; path = Info.plist; sourceTree = "<group>"; };
		37AD9BD21B943E1400F1D180 /* main.m */ = {isa = PBXFileReference; lastKnownFileType = sourcecode.c.objc; path = main.m; sourceTree = "<group>"; };
		37AD9BD41B943E1400F1D180 /* AppDelegate.h */ = {isa = PBXFileReference; lastKnownFileType = sourcecode.c.h; path = AppDelegate.h; sourceTree = "<group>"; };
		37AD9BD51B943E1400F1D180 /* AppDelegate.m */ = {isa = PBXFileReference; lastKnownFileType = sourcecode.c.objc; path = AppDelegate.m; sourceTree = "<group>"; };
		37AD9BD71B943E1400F1D180 /* ViewController.h */ = {isa = PBXFileReference; lastKnownFileType = sourcecode.c.h; path = ViewController.h; sourceTree = "<group>"; };
		37AD9BD81B943E1400F1D180 /* ViewController.m */ = {isa = PBXFileReference; lastKnownFileType = sourcecode.c.objc; path = ViewController.m; sourceTree = "<group>"; wrapsLines = 1; };
		37AD9BDB1B943E1400F1D180 /* Base */ = {isa = PBXFileReference; lastKnownFileType = file.storyboard; name = Base; path = Base.lproj/Main.storyboard; sourceTree = "<group>"; };
		37AD9BDD1B943E1400F1D180 /* Images.xcassets */ = {isa = PBXFileReference; lastKnownFileType = folder.assetcatalog; path = Images.xcassets; sourceTree = "<group>"; };
		37AD9BE01B943E1400F1D180 /* Base */ = {isa = PBXFileReference; lastKnownFileType = file.xib; name = Base; path = Base.lproj/LaunchScreen.xib; sourceTree = "<group>"; };
		37AD9BE61B943E1400F1D180 /* UniversalTests.xctest */ = {isa = PBXFileReference; explicitFileType = wrapper.cfbundle; includeInIndex = 0; path = UniversalTests.xctest; sourceTree = BUILT_PRODUCTS_DIR; };
		37AD9BEB1B943E1400F1D180 /* Info.plist */ = {isa = PBXFileReference; lastKnownFileType = text.plist.xml; path = Info.plist; sourceTree = "<group>"; };
		37AD9BEC1B943E1400F1D180 /* UniversalTests.m */ = {isa = PBXFileReference; lastKnownFileType = sourcecode.c.objc; path = UniversalTests.m; sourceTree = "<group>"; };
		37D8C1211B959EAF0073F1CC /* NSString+Extension.h */ = {isa = PBXFileReference; fileEncoding = 4; lastKnownFileType = sourcecode.c.h; path = "NSString+Extension.h"; sourceTree = "<group>"; };
		37D8C1221B959EAF0073F1CC /* NSString+Extension.m */ = {isa = PBXFileReference; fileEncoding = 4; lastKnownFileType = sourcecode.c.objc; path = "NSString+Extension.m"; sourceTree = "<group>"; };
		37D8C1251B95A00A0073F1CC /* UIAlertView+Extension.h */ = {isa = PBXFileReference; fileEncoding = 4; lastKnownFileType = sourcecode.c.h; path = "UIAlertView+Extension.h"; sourceTree = "<group>"; };
		37D8C1261B95A00A0073F1CC /* UIAlertView+Extension.m */ = {isa = PBXFileReference; fileEncoding = 4; lastKnownFileType = sourcecode.c.objc; path = "UIAlertView+Extension.m"; sourceTree = "<group>"; };
		37D8C1291B95A11E0073F1CC /* NSUserDefaults+Extension.h */ = {isa = PBXFileReference; fileEncoding = 4; lastKnownFileType = sourcecode.c.h; path = "NSUserDefaults+Extension.h"; sourceTree = "<group>"; };
		37D8C12A1B95A11E0073F1CC /* NSUserDefaults+Extension.m */ = {isa = PBXFileReference; fileEncoding = 4; lastKnownFileType = sourcecode.c.objc; path = "NSUserDefaults+Extension.m"; sourceTree = "<group>"; };
		37D8C12D1B95B14C0073F1CC /* UIColor+Extension.h */ = {isa = PBXFileReference; fileEncoding = 4; lastKnownFileType = sourcecode.c.h; path = "UIColor+Extension.h"; sourceTree = "<group>"; };
		37D8C12E1B95B14C0073F1CC /* UIColor+Extension.m */ = {isa = PBXFileReference; fileEncoding = 4; lastKnownFileType = sourcecode.c.objc; path = "UIColor+Extension.m"; sourceTree = "<group>"; };
		37D8C1311B95B3980073F1CC /* NSArray+Extension.h */ = {isa = PBXFileReference; fileEncoding = 4; lastKnownFileType = sourcecode.c.h; path = "NSArray+Extension.h"; sourceTree = "<group>"; };
		37D8C1321B95B3980073F1CC /* NSArray+Extension.m */ = {isa = PBXFileReference; fileEncoding = 4; lastKnownFileType = sourcecode.c.objc; path = "NSArray+Extension.m"; sourceTree = "<group>"; };
		37D8C1351B95B4140073F1CC /* NSDictionary+Extension.h */ = {isa = PBXFileReference; fileEncoding = 4; lastKnownFileType = sourcecode.c.h; path = "NSDictionary+Extension.h"; sourceTree = "<group>"; };
		37D8C1361B95B4140073F1CC /* NSDictionary+Extension.m */ = {isa = PBXFileReference; fileEncoding = 4; lastKnownFileType = sourcecode.c.objc; path = "NSDictionary+Extension.m"; sourceTree = "<group>"; };
		37D8C1391B95C0E90073F1CC /* UIImage+Extension.h */ = {isa = PBXFileReference; fileEncoding = 4; lastKnownFileType = sourcecode.c.h; path = "UIImage+Extension.h"; sourceTree = "<group>"; };
		37D8C13A1B95C0E90073F1CC /* UIImage+Extension.m */ = {isa = PBXFileReference; fileEncoding = 4; lastKnownFileType = sourcecode.c.objc; path = "UIImage+Extension.m"; sourceTree = "<group>"; };
		37D8C13D1B95C34E0073F1CC /* NSHTTPCookieStorage+Extension.h */ = {isa = PBXFileReference; fileEncoding = 4; lastKnownFileType = sourcecode.c.h; path = "NSHTTPCookieStorage+Extension.h"; sourceTree = "<group>"; };
		37D8C13E1B95C34E0073F1CC /* NSHTTPCookieStorage+Extension.m */ = {isa = PBXFileReference; fileEncoding = 4; lastKnownFileType = sourcecode.c.objc; path = "NSHTTPCookieStorage+Extension.m"; sourceTree = "<group>"; };
		37D8C1411B95C3EA0073F1CC /* NSURLCache+Extension.h */ = {isa = PBXFileReference; fileEncoding = 4; lastKnownFileType = sourcecode.c.h; path = "NSURLCache+Extension.h"; sourceTree = "<group>"; };
		37D8C1421B95C3EA0073F1CC /* NSURLCache+Extension.m */ = {isa = PBXFileReference; fileEncoding = 4; lastKnownFileType = sourcecode.c.objc; path = "NSURLCache+Extension.m"; sourceTree = "<group>"; };
		387FC035A8EBA73BB6238623 /* Pods.debug.xcconfig */ = {isa = PBXFileReference; includeInIndex = 1; lastKnownFileType = text.xcconfig; name = Pods.debug.xcconfig; path = "Pods/Target Support Files/Pods/Pods.debug.xcconfig"; sourceTree = "<group>"; };
		77D685AB5BD7E49DCCFC6944 /* Pods.release.xcconfig */ = {isa = PBXFileReference; includeInIndex = 1; lastKnownFileType = text.xcconfig; name = Pods.release.xcconfig; path = "Pods/Target Support Files/Pods/Pods.release.xcconfig"; sourceTree = "<group>"; };
		B54E67C32BE8A23181F36C35 /* libPods.a */ = {isa = PBXFileReference; explicitFileType = archive.ar; includeInIndex = 0; path = libPods.a; sourceTree = BUILT_PRODUCTS_DIR; };
		CD05BB431B96066B00D9B6C9 /* AVCaptureDevice+Extension.h */ = {isa = PBXFileReference; fileEncoding = 4; lastKnownFileType = sourcecode.c.h; path = "AVCaptureDevice+Extension.h"; sourceTree = "<group>"; };
		CD05BB441B96066B00D9B6C9 /* AVCaptureDevice+Extension.m */ = {isa = PBXFileReference; fileEncoding = 4; lastKnownFileType = sourcecode.c.objc; path = "AVCaptureDevice+Extension.m"; sourceTree = "<group>"; };
		CD05BB471B96086500D9B6C9 /* NSData+Extension.h */ = {isa = PBXFileReference; fileEncoding = 4; lastKnownFileType = sourcecode.c.h; path = "NSData+Extension.h"; sourceTree = "<group>"; };
		CD05BB481B96086500D9B6C9 /* NSData+Extension.m */ = {isa = PBXFileReference; fileEncoding = 4; lastKnownFileType = sourcecode.c.objc; path = "NSData+Extension.m"; sourceTree = "<group>"; };
		CD05BB4C1B960C7400D9B6C9 /* GZIP.h */ = {isa = PBXFileReference; fileEncoding = 4; lastKnownFileType = sourcecode.c.h; path = GZIP.h; sourceTree = "<group>"; };
		CD05BB4D1B960C7400D9B6C9 /* GZIP.m */ = {isa = PBXFileReference; fileEncoding = 4; lastKnownFileType = sourcecode.c.objc; path = GZIP.m; sourceTree = "<group>"; };
		CD05BB4F1B960CA600D9B6C9 /* OptionalHeaders.h */ = {isa = PBXFileReference; fileEncoding = 4; lastKnownFileType = sourcecode.c.h; path = OptionalHeaders.h; sourceTree = "<group>"; };
		CD05BB5F1B960FF700D9B6C9 /* UIView+Extension.h */ = {isa = PBXFileReference; fileEncoding = 4; lastKnownFileType = sourcecode.c.h; path = "UIView+Extension.h"; sourceTree = "<group>"; };
		CD05BB601B960FF700D9B6C9 /* UIView+Extension.m */ = {isa = PBXFileReference; fileEncoding = 4; lastKnownFileType = sourcecode.c.objc; path = "UIView+Extension.m"; sourceTree = "<group>"; };
		CD05BB631B96113D00D9B6C9 /* GPXFileBundle.bundle */ = {isa = PBXFileReference; lastKnownFileType = "wrapper.plug-in"; path = GPXFileBundle.bundle; sourceTree = "<group>"; };
		CD19B46A1BC7B25900B063DC /* AFHTTPResponseSerializer+Extension.h */ = {isa = PBXFileReference; fileEncoding = 4; lastKnownFileType = sourcecode.c.h; path = "AFHTTPResponseSerializer+Extension.h"; sourceTree = "<group>"; };
		CD19B46B1BC7B25900B063DC /* AFHTTPResponseSerializer+Extension.m */ = {isa = PBXFileReference; fileEncoding = 4; lastKnownFileType = sourcecode.c.objc; path = "AFHTTPResponseSerializer+Extension.m"; sourceTree = "<group>"; };
		CDC9FCA71BC3FD6E00B78E18 /* text.png */ = {isa = PBXFileReference; lastKnownFileType = image.png; path = text.png; sourceTree = "<group>"; };
/* End PBXFileReference section */

/* Begin PBXFrameworksBuildPhase section */
		37AD9BCA1B943E1400F1D180 /* Frameworks */ = {
			isa = PBXFrameworksBuildPhase;
			buildActionMask = 2147483647;
			files = (
				29B67D8F083F0803CAC0D48D /* libPods.a in Frameworks */,
			);
			runOnlyForDeploymentPostprocessing = 0;
		};
		37AD9BE31B943E1400F1D180 /* Frameworks */ = {
			isa = PBXFrameworksBuildPhase;
			buildActionMask = 2147483647;
			files = (
			);
			runOnlyForDeploymentPostprocessing = 0;
		};
/* End PBXFrameworksBuildPhase section */

/* Begin PBXGroup section */
		2D49C922A970DE662FA7C999 /* Frameworks */ = {
			isa = PBXGroup;
			children = (
				B54E67C32BE8A23181F36C35 /* libPods.a */,
			);
			name = Frameworks;
			sourceTree = "<group>";
		};
		2FF49746F28EC70DDAABE591 /* Pods */ = {
			isa = PBXGroup;
			children = (
				387FC035A8EBA73BB6238623 /* Pods.debug.xcconfig */,
				77D685AB5BD7E49DCCFC6944 /* Pods.release.xcconfig */,
			);
			name = Pods;
			sourceTree = "<group>";
		};
		376DBAFF1B96A4A6008A84B7 /* UIScrollView */ = {
			isa = PBXGroup;
			children = (
				376DBB001B96A4A6008A84B7 /* UIScrollView+Extension.h */,
				376DBB011B96A4A6008A84B7 /* UIScrollView+Extension.m */,
			);
			path = UIScrollView;
			sourceTree = "<group>";
		};
		376DBB041B96A647008A84B7 /* UIWebView */ = {
			isa = PBXGroup;
			children = (
				376DBB051B96A658008A84B7 /* UIWebView+Extension.h */,
				376DBB061B96A658008A84B7 /* UIWebView+Extension.m */,
			);
			path = UIWebView;
			sourceTree = "<group>";
		};
		376DBB081B96DD0B008A84B7 /* MBProgressHUD */ = {
			isa = PBXGroup;
			children = (
				376DBB091B96DD23008A84B7 /* MBProgressHUD+Extension.h */,
				376DBB0A1B96DD23008A84B7 /* MBProgressHUD+Extension.m */,
			);
			path = MBProgressHUD;
			sourceTree = "<group>";
		};
		377C11111B958FE700FD4EB6 /* CocoaKit */ = {
			isa = PBXGroup;
			children = (
				CD05BB4A1B960C7400D9B6C9 /* Optional */,
				377C11151B95943800FD4EB6 /* Categories */,
				377C11121B958FE700FD4EB6 /* PodHeaders */,
			);
			path = CocoaKit;
			sourceTree = "<group>";
		};
		377C11121B958FE700FD4EB6 /* PodHeaders */ = {
			isa = PBXGroup;
			children = (
				377C11131B958FE700FD4EB6 /* PodHeaders.h */,
			);
			path = PodHeaders;
			sourceTree = "<group>";
		};
		377C11151B95943800FD4EB6 /* Categories */ = {
			isa = PBXGroup;
			children = (
				377C11161B95945200FD4EB6 /* CategoryHeaders.h */,
				CD19B4691BC7B23A00B063DC /* AFHTTPResponseSerializer */,
				3792D12E1BA95C2400E8731C /* UIImageView */,
				37AB4AF91B9E80CD00E9E587 /* UIWindow */,
				376DBB081B96DD0B008A84B7 /* MBProgressHUD */,
				376DBB041B96A647008A84B7 /* UIWebView */,
				376DBAFF1B96A4A6008A84B7 /* UIScrollView */,
				CD05BB5E1B960FDD00D9B6C9 /* UIView */,
				CD05BB461B96083B00D9B6C9 /* NSData */,
				CD05BB421B96065000D9B6C9 /* AVCaptureDevice */,
				37D8C1401B95C3D60073F1CC /* NSURLCache */,
				37D8C13C1B95C33A0073F1CC /* NSHTTPCookieStorage */,
				37D8C1381B95C0D40073F1CC /* UIImage */,
				37D8C1341B95B3FF0073F1CC /* NSDictionary */,
				37D8C1301B95B37C0073F1CC /* NSArray */,
				37D8C12C1B95B13C0073F1CC /* UIColor */,
				37D8C1281B95A10A0073F1CC /* NSUserDefaults */,
				37D8C1241B959FF30073F1CC /* UIAlertView */,
				37D8C1201B959E9A0073F1CC /* NSString */,
				377C112F1B959CBE00FD4EB6 /* UIDevice */,
				377C11271B959A3100FD4EB6 /* UIApplication */,
				377C111F1B9596A100FD4EB6 /* NSBundle */,
				377C111B1B95957C00FD4EB6 /* UIScreen */,
			);
			path = Categories;
			sourceTree = "<group>";
		};
		377C111B1B95957C00FD4EB6 /* UIScreen */ = {
			isa = PBXGroup;
			children = (
				377C111C1B95958700FD4EB6 /* UIScreen+Extension.h */,
				377C111D1B95958700FD4EB6 /* UIScreen+Extension.m */,
			);
			path = UIScreen;
			sourceTree = "<group>";
		};
		377C111F1B9596A100FD4EB6 /* NSBundle */ = {
			isa = PBXGroup;
			children = (
				377C11201B9596B100FD4EB6 /* NSBundle+Extension.h */,
				377C11211B9596B100FD4EB6 /* NSBundle+Extension.m */,
			);
			path = NSBundle;
			sourceTree = "<group>";
		};
		377C11271B959A3100FD4EB6 /* UIApplication */ = {
			isa = PBXGroup;
			children = (
				377C11281B959A4000FD4EB6 /* UIApplication+Extension.h */,
				377C11291B959A4000FD4EB6 /* UIApplication+Extension.m */,
			);
			path = UIApplication;
			sourceTree = "<group>";
		};
		377C112F1B959CBE00FD4EB6 /* UIDevice */ = {
			isa = PBXGroup;
			children = (
				377C11301B959CCC00FD4EB6 /* UIDevice+Extension.h */,
				377C11311B959CCC00FD4EB6 /* UIDevice+Extension.m */,
			);
			path = UIDevice;
			sourceTree = "<group>";
		};
		3792D12E1BA95C2400E8731C /* UIImageView */ = {
			isa = PBXGroup;
			children = (
				3792D12F1BA95C3900E8731C /* UIImageView+Extension.h */,
				3792D1301BA95C3900E8731C /* UIImageView+Extension.m */,
			);
			path = UIImageView;
			sourceTree = "<group>";
		};
		37AB4AF91B9E80CD00E9E587 /* UIWindow */ = {
			isa = PBXGroup;
			children = (
				37AB4AFA1B9E80DF00E9E587 /* UIWindow+Extension.h */,
				37AB4AFB1B9E80DF00E9E587 /* UIWindow+Extension.m */,
			);
			path = UIWindow;
			sourceTree = "<group>";
		};
		37AD9BC41B943E1400F1D180 = {
			isa = PBXGroup;
			children = (
				37AD9BCF1B943E1400F1D180 /* Universal */,
				37AD9BE91B943E1400F1D180 /* UniversalTests */,
				37AD9BCE1B943E1400F1D180 /* Products */,
				2FF49746F28EC70DDAABE591 /* Pods */,
				2D49C922A970DE662FA7C999 /* Frameworks */,
			);
			sourceTree = "<group>";
		};
		37AD9BCE1B943E1400F1D180 /* Products */ = {
			isa = PBXGroup;
			children = (
				37AD9BCD1B943E1400F1D180 /* Universal.app */,
				37AD9BE61B943E1400F1D180 /* UniversalTests.xctest */,
			);
			name = Products;
			sourceTree = "<group>";
		};
		37AD9BCF1B943E1400F1D180 /* Universal */ = {
			isa = PBXGroup;
			children = (
				37AD9BD41B943E1400F1D180 /* AppDelegate.h */,
				37AD9BD51B943E1400F1D180 /* AppDelegate.m */,
				37AD9BD71B943E1400F1D180 /* ViewController.h */,
				37AD9BD81B943E1400F1D180 /* ViewController.m */,
				CDC9FCA71BC3FD6E00B78E18 /* text.png */,
				37AD9BDA1B943E1400F1D180 /* Main.storyboard */,
				37AD9BDD1B943E1400F1D180 /* Images.xcassets */,
				37AD9BDF1B943E1400F1D180 /* LaunchScreen.xib */,
				37AD9BD01B943E1400F1D180 /* Supporting Files */,
			);
			path = Universal;
			sourceTree = "<group>";
		};
		37AD9BD01B943E1400F1D180 /* Supporting Files */ = {
			isa = PBXGroup;
			children = (
				377C11111B958FE700FD4EB6 /* CocoaKit */,
				37AD9BD11B943E1400F1D180 /* Info.plist */,
				37AD9BD21B943E1400F1D180 /* main.m */,
			);
			name = "Supporting Files";
			sourceTree = "<group>";
		};
		37AD9BE91B943E1400F1D180 /* UniversalTests */ = {
			isa = PBXGroup;
			children = (
				37AD9BEC1B943E1400F1D180 /* UniversalTests.m */,
				37AD9BEA1B943E1400F1D180 /* Supporting Files */,
			);
			path = UniversalTests;
			sourceTree = "<group>";
		};
		37AD9BEA1B943E1400F1D180 /* Supporting Files */ = {
			isa = PBXGroup;
			children = (
				37AD9BEB1B943E1400F1D180 /* Info.plist */,
			);
			name = "Supporting Files";
			sourceTree = "<group>";
		};
		37D8C1201B959E9A0073F1CC /* NSString */ = {
			isa = PBXGroup;
			children = (
				37D8C1211B959EAF0073F1CC /* NSString+Extension.h */,
				37D8C1221B959EAF0073F1CC /* NSString+Extension.m */,
			);
			path = NSString;
			sourceTree = "<group>";
		};
		37D8C1241B959FF30073F1CC /* UIAlertView */ = {
			isa = PBXGroup;
			children = (
				37D8C1251B95A00A0073F1CC /* UIAlertView+Extension.h */,
				37D8C1261B95A00A0073F1CC /* UIAlertView+Extension.m */,
			);
			path = UIAlertView;
			sourceTree = "<group>";
		};
		37D8C1281B95A10A0073F1CC /* NSUserDefaults */ = {
			isa = PBXGroup;
			children = (
				37D8C1291B95A11E0073F1CC /* NSUserDefaults+Extension.h */,
				37D8C12A1B95A11E0073F1CC /* NSUserDefaults+Extension.m */,
			);
			path = NSUserDefaults;
			sourceTree = "<group>";
		};
		37D8C12C1B95B13C0073F1CC /* UIColor */ = {
			isa = PBXGroup;
			children = (
				37D8C12D1B95B14C0073F1CC /* UIColor+Extension.h */,
				37D8C12E1B95B14C0073F1CC /* UIColor+Extension.m */,
			);
			path = UIColor;
			sourceTree = "<group>";
		};
		37D8C1301B95B37C0073F1CC /* NSArray */ = {
			isa = PBXGroup;
			children = (
				37D8C1311B95B3980073F1CC /* NSArray+Extension.h */,
				37D8C1321B95B3980073F1CC /* NSArray+Extension.m */,
			);
			path = NSArray;
			sourceTree = "<group>";
		};
		37D8C1341B95B3FF0073F1CC /* NSDictionary */ = {
			isa = PBXGroup;
			children = (
				37D8C1351B95B4140073F1CC /* NSDictionary+Extension.h */,
				37D8C1361B95B4140073F1CC /* NSDictionary+Extension.m */,
			);
			path = NSDictionary;
			sourceTree = "<group>";
		};
		37D8C1381B95C0D40073F1CC /* UIImage */ = {
			isa = PBXGroup;
			children = (
				37D8C1391B95C0E90073F1CC /* UIImage+Extension.h */,
				37D8C13A1B95C0E90073F1CC /* UIImage+Extension.m */,
			);
			path = UIImage;
			sourceTree = "<group>";
		};
		37D8C13C1B95C33A0073F1CC /* NSHTTPCookieStorage */ = {
			isa = PBXGroup;
			children = (
				37D8C13D1B95C34E0073F1CC /* NSHTTPCookieStorage+Extension.h */,
				37D8C13E1B95C34E0073F1CC /* NSHTTPCookieStorage+Extension.m */,
			);
			path = NSHTTPCookieStorage;
			sourceTree = "<group>";
		};
		37D8C1401B95C3D60073F1CC /* NSURLCache */ = {
			isa = PBXGroup;
			children = (
				37D8C1411B95C3EA0073F1CC /* NSURLCache+Extension.h */,
				37D8C1421B95C3EA0073F1CC /* NSURLCache+Extension.m */,
			);
			path = NSURLCache;
			sourceTree = "<group>";
		};
		CD05BB421B96065000D9B6C9 /* AVCaptureDevice */ = {
			isa = PBXGroup;
			children = (
				CD05BB431B96066B00D9B6C9 /* AVCaptureDevice+Extension.h */,
				CD05BB441B96066B00D9B6C9 /* AVCaptureDevice+Extension.m */,
			);
			path = AVCaptureDevice;
			sourceTree = "<group>";
		};
		CD05BB461B96083B00D9B6C9 /* NSData */ = {
			isa = PBXGroup;
			children = (
				CD05BB471B96086500D9B6C9 /* NSData+Extension.h */,
				CD05BB481B96086500D9B6C9 /* NSData+Extension.m */,
			);
			path = NSData;
			sourceTree = "<group>";
		};
		CD05BB4A1B960C7400D9B6C9 /* Optional */ = {
			isa = PBXGroup;
			children = (
				CD05BB4F1B960CA600D9B6C9 /* OptionalHeaders.h */,
				CD05BB621B96113D00D9B6C9 /* BundleFiles */,
				CD05BB4B1B960C7400D9B6C9 /* GZIP */,
			);
			path = Optional;
			sourceTree = "<group>";
		};
		CD05BB4B1B960C7400D9B6C9 /* GZIP */ = {
			isa = PBXGroup;
			children = (
				CD05BB4C1B960C7400D9B6C9 /* GZIP.h */,
				CD05BB4D1B960C7400D9B6C9 /* GZIP.m */,
			);
			path = GZIP;
			sourceTree = "<group>";
		};
		CD05BB5E1B960FDD00D9B6C9 /* UIView */ = {
			isa = PBXGroup;
			children = (
				CD05BB5F1B960FF700D9B6C9 /* UIView+Extension.h */,
				CD05BB601B960FF700D9B6C9 /* UIView+Extension.m */,
			);
			path = UIView;
			sourceTree = "<group>";
		};
		CD05BB621B96113D00D9B6C9 /* BundleFiles */ = {
			isa = PBXGroup;
			children = (
				CD05BB631B96113D00D9B6C9 /* GPXFileBundle.bundle */,
			);
			path = BundleFiles;
			sourceTree = "<group>";
		};
		CD19B4691BC7B23A00B063DC /* AFHTTPResponseSerializer */ = {
			isa = PBXGroup;
			children = (
				CD19B46A1BC7B25900B063DC /* AFHTTPResponseSerializer+Extension.h */,
				CD19B46B1BC7B25900B063DC /* AFHTTPResponseSerializer+Extension.m */,
			);
			path = AFHTTPResponseSerializer;
			sourceTree = "<group>";
		};
/* End PBXGroup section */

/* Begin PBXNativeTarget section */
		37AD9BCC1B943E1400F1D180 /* Universal */ = {
			isa = PBXNativeTarget;
			buildConfigurationList = 37AD9BF01B943E1400F1D180 /* Build configuration list for PBXNativeTarget "Universal" */;
			buildPhases = (
				D8992C7E798AF6229542F479 /* Check Pods Manifest.lock */,
				37AD9BC91B943E1400F1D180 /* Sources */,
				37AD9BCA1B943E1400F1D180 /* Frameworks */,
				37AD9BCB1B943E1400F1D180 /* Resources */,
				8852C606EE333B2F83104E02 /* Copy Pods Resources */,
			);
			buildRules = (
			);
			dependencies = (
			);
			name = Universal;
			productName = Universal;
			productReference = 37AD9BCD1B943E1400F1D180 /* Universal.app */;
			productType = "com.apple.product-type.application";
		};
		37AD9BE51B943E1400F1D180 /* UniversalTests */ = {
			isa = PBXNativeTarget;
			buildConfigurationList = 37AD9BF31B943E1400F1D180 /* Build configuration list for PBXNativeTarget "UniversalTests" */;
			buildPhases = (
				37AD9BE21B943E1400F1D180 /* Sources */,
				37AD9BE31B943E1400F1D180 /* Frameworks */,
				37AD9BE41B943E1400F1D180 /* Resources */,
			);
			buildRules = (
			);
			dependencies = (
				37AD9BE81B943E1400F1D180 /* PBXTargetDependency */,
			);
			name = UniversalTests;
			productName = UniversalTests;
			productReference = 37AD9BE61B943E1400F1D180 /* UniversalTests.xctest */;
			productType = "com.apple.product-type.bundle.unit-test";
		};
/* End PBXNativeTarget section */

/* Begin PBXProject section */
		37AD9BC51B943E1400F1D180 /* Project object */ = {
			isa = PBXProject;
			attributes = {
				LastUpgradeCheck = 0700;
				ORGANIZATIONNAME = emiaobao;
				TargetAttributes = {
					37AD9BCC1B943E1400F1D180 = {
						CreatedOnToolsVersion = 6.4;
					};
					37AD9BE51B943E1400F1D180 = {
						CreatedOnToolsVersion = 6.4;
						TestTargetID = 37AD9BCC1B943E1400F1D180;
					};
				};
			};
			buildConfigurationList = 37AD9BC81B943E1400F1D180 /* Build configuration list for PBXProject "Universal" */;
			compatibilityVersion = "Xcode 3.2";
			developmentRegion = English;
			hasScannedForEncodings = 0;
			knownRegions = (
				en,
				Base,
			);
			mainGroup = 37AD9BC41B943E1400F1D180;
			productRefGroup = 37AD9BCE1B943E1400F1D180 /* Products */;
			projectDirPath = "";
			projectRoot = "";
			targets = (
				37AD9BCC1B943E1400F1D180 /* Universal */,
				37AD9BE51B943E1400F1D180 /* UniversalTests */,
			);
		};
/* End PBXProject section */

/* Begin PBXResourcesBuildPhase section */
		37AD9BCB1B943E1400F1D180 /* Resources */ = {
			isa = PBXResourcesBuildPhase;
			buildActionMask = 2147483647;
			files = (
				37AD9BDC1B943E1400F1D180 /* Main.storyboard in Resources */,
				CDC9FCA81BC3FD6E00B78E18 /* text.png in Resources */,
				CD05BB641B96113D00D9B6C9 /* GPXFileBundle.bundle in Resources */,
				37AD9BE11B943E1400F1D180 /* LaunchScreen.xib in Resources */,
				37AD9BDE1B943E1400F1D180 /* Images.xcassets in Resources */,
			);
			runOnlyForDeploymentPostprocessing = 0;
		};
		37AD9BE41B943E1400F1D180 /* Resources */ = {
			isa = PBXResourcesBuildPhase;
			buildActionMask = 2147483647;
			files = (
			);
			runOnlyForDeploymentPostprocessing = 0;
		};
/* End PBXResourcesBuildPhase section */

/* Begin PBXShellScriptBuildPhase section */
		8852C606EE333B2F83104E02 /* Copy Pods Resources */ = {
			isa = PBXShellScriptBuildPhase;
			buildActionMask = 2147483647;
			files = (
			);
			inputPaths = (
			);
			name = "Copy Pods Resources";
			outputPaths = (
			);
			runOnlyForDeploymentPostprocessing = 0;
			shellPath = /bin/sh;
			shellScript = "\"${SRCROOT}/Pods/Target Support Files/Pods/Pods-resources.sh\"\n";
			showEnvVarsInLog = 0;
		};
		D8992C7E798AF6229542F479 /* Check Pods Manifest.lock */ = {
			isa = PBXShellScriptBuildPhase;
			buildActionMask = 2147483647;
			files = (
			);
			inputPaths = (
			);
			name = "Check Pods Manifest.lock";
			outputPaths = (
			);
			runOnlyForDeploymentPostprocessing = 0;
			shellPath = /bin/sh;
			shellScript = "diff \"${PODS_ROOT}/../Podfile.lock\" \"${PODS_ROOT}/Manifest.lock\" > /dev/null\nif [[ $? != 0 ]] ; then\n    cat << EOM\nerror: The sandbox is not in sync with the Podfile.lock. Run 'pod install' or update your CocoaPods installation.\nEOM\n    exit 1\nfi\n";
			showEnvVarsInLog = 0;
		};
/* End PBXShellScriptBuildPhase section */

/* Begin PBXSourcesBuildPhase section */
		37AD9BC91B943E1400F1D180 /* Sources */ = {
			isa = PBXSourcesBuildPhase;
			buildActionMask = 2147483647;
			files = (
				377C11321B959CCC00FD4EB6 /* UIDevice+Extension.m in Sources */,
				37D8C1431B95C3EA0073F1CC /* NSURLCache+Extension.m in Sources */,
				37D8C13B1B95C0E90073F1CC /* UIImage+Extension.m in Sources */,
				37D8C1271B95A00A0073F1CC /* UIAlertView+Extension.m in Sources */,
				376DBB031B96A4A6008A84B7 /* UIScrollView+Extension.m in Sources */,
				CD19B46C1BC7B25900B063DC /* AFHTTPResponseSerializer+Extension.m in Sources */,
				377C11221B9596B100FD4EB6 /* NSBundle+Extension.m in Sources */,
				CD05BB611B960FF700D9B6C9 /* UIView+Extension.m in Sources */,
				CD05BB451B96066B00D9B6C9 /* AVCaptureDevice+Extension.m in Sources */,
				37D8C1371B95B4140073F1CC /* NSDictionary+Extension.m in Sources */,
				3792D1311BA95C3900E8731C /* UIImageView+Extension.m in Sources */,
				37D8C12B1B95A11E0073F1CC /* NSUserDefaults+Extension.m in Sources */,
				37D8C12F1B95B14C0073F1CC /* UIColor+Extension.m in Sources */,
				37D8C13F1B95C34E0073F1CC /* NSHTTPCookieStorage+Extension.m in Sources */,
				37AD9BD91B943E1400F1D180 /* ViewController.m in Sources */,
				37AB4AFC1B9E80DF00E9E587 /* UIWindow+Extension.m in Sources */,
				37D8C1331B95B3980073F1CC /* NSArray+Extension.m in Sources */,
				377C112A1B959A4000FD4EB6 /* UIApplication+Extension.m in Sources */,
				376DBB071B96A658008A84B7 /* UIWebView+Extension.m in Sources */,
				377C111E1B95958700FD4EB6 /* UIScreen+Extension.m in Sources */,
				37AD9BD61B943E1400F1D180 /* AppDelegate.m in Sources */,
				37AD9BD31B943E1400F1D180 /* main.m in Sources */,
				CD05BB491B96086500D9B6C9 /* NSData+Extension.m in Sources */,
				CD05BB4E1B960C7400D9B6C9 /* GZIP.m in Sources */,
				37D8C1231B959EAF0073F1CC /* NSString+Extension.m in Sources */,
				376DBB0B1B96DD23008A84B7 /* MBProgressHUD+Extension.m in Sources */,
			);
			runOnlyForDeploymentPostprocessing = 0;
		};
		37AD9BE21B943E1400F1D180 /* Sources */ = {
			isa = PBXSourcesBuildPhase;
			buildActionMask = 2147483647;
			files = (
				37AD9BED1B943E1400F1D180 /* UniversalTests.m in Sources */,
			);
			runOnlyForDeploymentPostprocessing = 0;
		};
/* End PBXSourcesBuildPhase section */

/* Begin PBXTargetDependency section */
		37AD9BE81B943E1400F1D180 /* PBXTargetDependency */ = {
			isa = PBXTargetDependency;
			target = 37AD9BCC1B943E1400F1D180 /* Universal */;
			targetProxy = 37AD9BE71B943E1400F1D180 /* PBXContainerItemProxy */;
		};
/* End PBXTargetDependency section */

/* Begin PBXVariantGroup section */
		37AD9BDA1B943E1400F1D180 /* Main.storyboard */ = {
			isa = PBXVariantGroup;
			children = (
				37AD9BDB1B943E1400F1D180 /* Base */,
			);
			name = Main.storyboard;
			sourceTree = "<group>";
		};
		37AD9BDF1B943E1400F1D180 /* LaunchScreen.xib */ = {
			isa = PBXVariantGroup;
			children = (
				37AD9BE01B943E1400F1D180 /* Base */,
			);
			name = LaunchScreen.xib;
			sourceTree = "<group>";
		};
/* End PBXVariantGroup section */

/* Begin XCBuildConfiguration section */
		37AD9BEE1B943E1400F1D180 /* Debug */ = {
			isa = XCBuildConfiguration;
			buildSettings = {
				ALWAYS_SEARCH_USER_PATHS = NO;
				CLANG_CXX_LANGUAGE_STANDARD = "gnu++0x";
				CLANG_CXX_LIBRARY = "libc++";
				CLANG_ENABLE_MODULES = YES;
				CLANG_ENABLE_OBJC_ARC = YES;
				CLANG_WARN_BOOL_CONVERSION = YES;
				CLANG_WARN_CONSTANT_CONVERSION = YES;
				CLANG_WARN_DIRECT_OBJC_ISA_USAGE = YES_ERROR;
				CLANG_WARN_EMPTY_BODY = YES;
				CLANG_WARN_ENUM_CONVERSION = YES;
				CLANG_WARN_INT_CONVERSION = YES;
				CLANG_WARN_OBJC_ROOT_CLASS = YES_ERROR;
				CLANG_WARN_UNREACHABLE_CODE = YES;
				CLANG_WARN__DUPLICATE_METHOD_MATCH = YES;
				"CODE_SIGN_IDENTITY[sdk=iphoneos*]" = "iPhone Developer";
				COPY_PHASE_STRIP = NO;
				DEBUG_INFORMATION_FORMAT = "dwarf-with-dsym";
				ENABLE_STRICT_OBJC_MSGSEND = YES;
				GCC_C_LANGUAGE_STANDARD = gnu99;
				GCC_DYNAMIC_NO_PIC = NO;
				GCC_NO_COMMON_BLOCKS = YES;
				GCC_OPTIMIZATION_LEVEL = 0;
				GCC_PREPROCESSOR_DEFINITIONS = (
					"DEBUG=1",
					"$(inherited)",
				);
				GCC_SYMBOLS_PRIVATE_EXTERN = NO;
				GCC_WARN_64_TO_32_BIT_CONVERSION = YES;
				GCC_WARN_ABOUT_RETURN_TYPE = YES_ERROR;
				GCC_WARN_UNDECLARED_SELECTOR = YES;
				GCC_WARN_UNINITIALIZED_AUTOS = YES_AGGRESSIVE;
				GCC_WARN_UNUSED_FUNCTION = YES;
				GCC_WARN_UNUSED_VARIABLE = YES;
				IPHONEOS_DEPLOYMENT_TARGET = 8.4;
				MTL_ENABLE_DEBUG_INFO = YES;
				ONLY_ACTIVE_ARCH = YES;
				SDKROOT = iphoneos;
				TARGETED_DEVICE_FAMILY = "1,2";
			};
			name = Debug;
		};
		37AD9BEF1B943E1400F1D180 /* Release */ = {
			isa = XCBuildConfiguration;
			buildSettings = {
				ALWAYS_SEARCH_USER_PATHS = NO;
				CLANG_CXX_LANGUAGE_STANDARD = "gnu++0x";
				CLANG_CXX_LIBRARY = "libc++";
				CLANG_ENABLE_MODULES = YES;
				CLANG_ENABLE_OBJC_ARC = YES;
				CLANG_WARN_BOOL_CONVERSION = YES;
				CLANG_WARN_CONSTANT_CONVERSION = YES;
				CLANG_WARN_DIRECT_OBJC_ISA_USAGE = YES_ERROR;
				CLANG_WARN_EMPTY_BODY = YES;
				CLANG_WARN_ENUM_CONVERSION = YES;
				CLANG_WARN_INT_CONVERSION = YES;
				CLANG_WARN_OBJC_ROOT_CLASS = YES_ERROR;
				CLANG_WARN_UNREACHABLE_CODE = YES;
				CLANG_WARN__DUPLICATE_METHOD_MATCH = YES;
				"CODE_SIGN_IDENTITY[sdk=iphoneos*]" = "iPhone Developer";
				COPY_PHASE_STRIP = NO;
				DEBUG_INFORMATION_FORMAT = "dwarf-with-dsym";
				ENABLE_NS_ASSERTIONS = NO;
				ENABLE_STRICT_OBJC_MSGSEND = YES;
				GCC_C_LANGUAGE_STANDARD = gnu99;
				GCC_NO_COMMON_BLOCKS = YES;
				GCC_WARN_64_TO_32_BIT_CONVERSION = YES;
				GCC_WARN_ABOUT_RETURN_TYPE = YES_ERROR;
				GCC_WARN_UNDECLARED_SELECTOR = YES;
				GCC_WARN_UNINITIALIZED_AUTOS = YES_AGGRESSIVE;
				GCC_WARN_UNUSED_FUNCTION = YES;
				GCC_WARN_UNUSED_VARIABLE = YES;
				IPHONEOS_DEPLOYMENT_TARGET = 8.4;
				MTL_ENABLE_DEBUG_INFO = NO;
				SDKROOT = iphoneos;
				TARGETED_DEVICE_FAMILY = "1,2";
				VALIDATE_PRODUCT = YES;
			};
			name = Release;
		};
		37AD9BF11B943E1400F1D180 /* Debug */ = {
			isa = XCBuildConfiguration;
			baseConfigurationReference = 387FC035A8EBA73BB6238623 /* Pods.debug.xcconfig */;
			buildSettings = {
				ASSETCATALOG_COMPILER_APPICON_NAME = AppIcon;
				ENABLE_BITCODE = NO;
				INFOPLIST_FILE = Universal/Info.plist;
				IPHONEOS_DEPLOYMENT_TARGET = 8.0;
				LD_RUNPATH_SEARCH_PATHS = "$(inherited) @executable_path/Frameworks";
				LIBRARY_SEARCH_PATHS = (
					"$(inherited)",
					"$(PROJECT_DIR)/build/Debug-iphoneos",
				);
				PRODUCT_NAME = "$(TARGET_NAME)";
				TARGETED_DEVICE_FAMILY = "1,2";
			};
			name = Debug;
		};
		37AD9BF21B943E1400F1D180 /* Release */ = {
			isa = XCBuildConfiguration;
			baseConfigurationReference = 77D685AB5BD7E49DCCFC6944 /* Pods.release.xcconfig */;
			buildSettings = {
				ASSETCATALOG_COMPILER_APPICON_NAME = AppIcon;
				ENABLE_BITCODE = NO;
				INFOPLIST_FILE = Universal/Info.plist;
				IPHONEOS_DEPLOYMENT_TARGET = 8.0;
				LD_RUNPATH_SEARCH_PATHS = "$(inherited) @executable_path/Frameworks";
				LIBRARY_SEARCH_PATHS = (
					"$(inherited)",
					"$(PROJECT_DIR)/build/Debug-iphoneos",
				);
				PRODUCT_NAME = "$(TARGET_NAME)";
				TARGETED_DEVICE_FAMILY = "1,2";
			};
			name = Release;
		};
		37AD9BF41B943E1400F1D180 /* Debug */ = {
			isa = XCBuildConfiguration;
			buildSettings = {
				BUNDLE_LOADER = "$(TEST_HOST)";
				FRAMEWORK_SEARCH_PATHS = (
					"$(SDKROOT)/Developer/Library/Frameworks",
					"$(inherited)",
				);
				GCC_PREPROCESSOR_DEFINITIONS = (
					"DEBUG=1",
					"$(inherited)",
				);
				INFOPLIST_FILE = UniversalTests/Info.plist;
				LD_RUNPATH_SEARCH_PATHS = "$(inherited) @executable_path/Frameworks @loader_path/Frameworks";
				PRODUCT_NAME = "$(TARGET_NAME)";
				TEST_HOST = "$(BUILT_PRODUCTS_DIR)/Universal.app/Universal";
			};
			name = Debug;
		};
		37AD9BF51B943E1400F1D180 /* Release */ = {
			isa = XCBuildConfiguration;
			buildSettings = {
				BUNDLE_LOADER = "$(TEST_HOST)";
				FRAMEWORK_SEARCH_PATHS = (
					"$(SDKROOT)/Developer/Library/Frameworks",
					"$(inherited)",
				);
				INFOPLIST_FILE = UniversalTests/Info.plist;
				LD_RUNPATH_SEARCH_PATHS = "$(inherited) @executable_path/Frameworks @loader_path/Frameworks";
				PRODUCT_NAME = "$(TARGET_NAME)";
				TEST_HOST = "$(BUILT_PRODUCTS_DIR)/Universal.app/Universal";
			};
			name = Release;
		};
/* End XCBuildConfiguration section */

/* Begin XCConfigurationList section */
		37AD9BC81B943E1400F1D180 /* Build configuration list for PBXProject "Universal" */ = {
			isa = XCConfigurationList;
			buildConfigurations = (
				37AD9BEE1B943E1400F1D180 /* Debug */,
				37AD9BEF1B943E1400F1D180 /* Release */,
			);
			defaultConfigurationIsVisible = 0;
			defaultConfigurationName = Release;
		};
		37AD9BF01B943E1400F1D180 /* Build configuration list for PBXNativeTarget "Universal" */ = {
			isa = XCConfigurationList;
			buildConfigurations = (
				37AD9BF11B943E1400F1D180 /* Debug */,
				37AD9BF21B943E1400F1D180 /* Release */,
			);
			defaultConfigurationIsVisible = 0;
			defaultConfigurationName = Release;
		};
		37AD9BF31B943E1400F1D180 /* Build configuration list for PBXNativeTarget "UniversalTests" */ = {
			isa = XCConfigurationList;
			buildConfigurations = (
				37AD9BF41B943E1400F1D180 /* Debug */,
				37AD9BF51B943E1400F1D180 /* Release */,
			);
			defaultConfigurationIsVisible = 0;
			defaultConfigurationName = Release;
		};
/* End XCConfigurationList section */
	};
	rootObject = 37AD9BC51B943E1400F1D180 /* Project object */;
}
